
Microsoft Visual Studio Solution File, Format Version 12.00
# Visual Studio Version 17
VisualStudioVersion = 17.8.34330.188
MinimumVisualStudioVersion = 10.0.40219.1
Project("{FAE04EC0-301F-11D3-BF4B-00C04F79EFBC}") = "mwm-app.Server", "mwm-app.Server\mwm-app.Server.csproj", "{E50995AC-6C28-43D2-B9FF-00105D0E6871}"
EndProject
Project("{54A90642-561A-4BB1-A94E-469ADEE60C69}") = "mwm-app.client", "mwm-app.client\mwm-app.client.esproj", "{A59525C5-F6EE-4DA9-B645-80E2C7CA4346}"
EndProject
Global
	GlobalSection(SolutionConfigurationPlatforms) = preSolution
		Debug|Any CPU = Debug|Any CPU
		Release|Any CPU = Release|Any CPU
	EndGlobalSection
	GlobalSection(ProjectConfigurationPlatforms) = postSolution
		{E50995AC-6C28-43D2-B9FF-00105D0E6871}.Debug|Any CPU.ActiveCfg = Debug|Any CPU
		{E50995AC-6C28-43D2-B9FF-00105D0E6871}.Debug|Any CPU.Build.0 = Debug|Any CPU
		{E50995AC-6C28-43D2-B9FF-00105D0E6871}.Release|Any CPU.ActiveCfg = Release|Any CPU
		{E50995AC-6C28-43D2-B9FF-00105D0E6871}.Release|Any CPU.Build.0 = Release|Any CPU
		{A59525C5-F6EE-4DA9-B645-80E2C7CA4346}.Debug|Any CPU.ActiveCfg = Debug|Any CPU
		{A59525C5-F6EE-4DA9-B645-80E2C7CA4346}.Debug|Any CPU.Build.0 = Debug|Any CPU
		{A59525C5-F6EE-4DA9-B645-80E2C7CA4346}.Debug|Any CPU.Deploy.0 = Debug|Any CPU
		{A59525C5-F6EE-4DA9-B645-80E2C7CA4346}.Release|Any CPU.ActiveCfg = Release|Any CPU
		{A59525C5-F6EE-4DA9-B645-80E2C7CA4346}.Release|Any CPU.Build.0 = Release|Any CPU
		{A59525C5-F6EE-4DA9-B645-80E2C7CA4346}.Release|Any CPU.Deploy.0 = Release|Any CPU
	EndGlobalSection
	GlobalSection(SolutionProperties) = preSolution
		HideSolutionNode = FALSE
	EndGlobalSection
	GlobalSection(ExtensibilityGlobals) = postSolution
		SolutionGuid = {D1CDD7DF-CF6A-4063-9877-5994041A3831}
	EndGlobalSection
EndGlobal
